<?xml version="1.0" encoding="utf-8"?>
<Project ToolsVersion="4.0" xmlns="http://schemas.microsoft.com/developer/msbuild/2003">
  <ItemGroup>
    <Filter Include="Source Files">
      <UniqueIdentifier>{4FC737F1-C7A5-4376-A066-2A32D752A2FF}</UniqueIdentifier>
      <Extensions>cpp;c;cc;cxx;c++;cppm;ixx;def;odl;idl;hpj;bat;asm;asmx</Extensions>
    </Filter>
    <Filter Include="Header Files">
      <UniqueIdentifier>{93995380-89BD-4b04-88EB-625FBE52EBFB}</UniqueIdentifier>
      <Extensions>h;hh;hpp;hxx;h++;hm;inl;inc;ipp;xsd</Extensions>
    </Filter>
    <Filter Include="Resource Files">
      <UniqueIdentifier>{67DA6AB6-F800-4c08-8B7A-83BB121AAD01}</UniqueIdentifier>
      <Extensions>rc;ico;cur;bmp;dlg;rc2;rct;bin;rgs;gif;jpg;jpeg;jpe;resx;tiff;tif;png;wav;mfcribbon-ms</Extensions>
    </Filter>
    <Filter Include="Stockfish">
      <UniqueIdentifier>{3723c0b9-f621-4d52-b311-d284d3778fea}</UniqueIdentifier>
    </Filter>
  </ItemGroup>
  <ItemGroup>
    <ClCompile Include="main.cpp">
      <Filter>Source Files</Filter>
    </ClCompile>
    <ClCompile Include="stockfish\benchmark.cpp">
      <Filter>Stockfish</Filter>
    </ClCompile>
    <ClCompile Include="stockfish\bitboard.cpp">
      <Filter>Stockfish</Filter>
    </ClCompile>
    <ClCompile Include="stockfish\engine.cpp">
      <Filter>Stockfish</Filter>
    </ClCompile>
    <ClCompile Include="stockfish\evaluate.cpp">
      <Filter>Stockfish</Filter>
    </ClCompile>
    <ClCompile Include="stockfish\memory.cpp">
      <Filter>Stockfish</Filter>
    </ClCompile>
    <ClCompile Include="stockfish\misc.cpp">
      <Filter>Stockfish</Filter>
    </ClCompile>
    <ClCompile Include="stockfish\movegen.cpp">
      <Filter>Stockfish</Filter>
    </ClCompile>
    <ClCompile Include="stockfish\movepick.cpp">
      <Filter>Stockfish</Filter>
    </ClCompile>
    <ClCompile Include="stockfish\nnue\features\full_threats.cpp">
      <Filter>Stockfish</Filter>
    </ClCompile>
    <ClCompile Include="stockfish\nnue\features\half_ka_v2_hm.cpp">
      <Filter>Stockfish</Filter>
    </ClCompile>
    <ClCompile Include="stockfish\nnue\network.cpp">
      <Filter>Stockfish</Filter>
    </ClCompile>
    <ClCompile Include="stockfish\nnue\nnue_accumulator.cpp">
      <Filter>Stockfish</Filter>
    </ClCompile>
    <ClCompile Include="stockfish\nnue\nnue_misc.cpp">
      <Filter>Stockfish</Filter>
    </ClCompile>
    <ClCompile Include="stockfish\position.cpp">
      <Filter>Stockfish</Filter>
    </ClCompile>
    <ClCompile Include="stockfish\score.cpp">
      <Filter>Stockfish</Filter>
    </ClCompile>
    <ClCompile Include="stockfish\search.cpp">
      <Filter>Stockfish</Filter>
    </ClCompile>
    <ClCompile Include="stockfish\syzygy\tbprobe.cpp">
      <Filter>Stockfish</Filter>
    </ClCompile>
    <ClCompile Include="stockfish\thread.cpp">
      <Filter>Stockfish</Filter>
    </ClCompile>
    <ClCompile Include="stockfish\timeman.cpp">
      <Filter>Stockfish</Filter>
    </ClCompile>
    <ClCompile Include="stockfish\tt.cpp">
      <Filter>Stockfish</Filter>
    </ClCompile>
    <ClCompile Include="stockfish\tune.cpp">
      <Filter>Stockfish</Filter>
    </ClCompile>
    <ClCompile Include="stockfish\uci.cpp">
      <Filter>Stockfish</Filter>
    </ClCompile>
    <ClCompile Include="stockfish\ucioption.cpp">
      <Filter>Stockfish</Filter>
    </ClCompile>
    <ClCompile Include="OfficialChessServer.cpp">
      <Filter>Source Files</Filter>
    </ClCompile>
  </ItemGroup>
  <ItemGroup>
    <ClInclude Include="ChessPiece.hpp">
      <Filter>Header Files</Filter>
    </ClInclude>
    <ClInclude Include="ChessBoard.hpp">
      <Filter>Header Files</Filter>
    </ClInclude>
    <ClInclude Include="Move.hpp">
      <Filter>Header Files</Filter>
    </ClInclude>
    <ClInclude Include="Room.hpp">
      <Filter>Header Files</Filter>
    </ClInclude>
    <ClInclude Include="ChessApp.hpp">
      <Filter>Header Files</Filter>
    </ClInclude>
    <ClInclude Include="resource.h">
      <Filter>Resource Files</Filter>
    </ClInclude>
    <ClInclude Include="ChessUI.hpp">
      <Filter>Header Files</Filter>
    </ClInclude>
    <ClInclude Include="StockfishRunner.hpp">
      <Filter>Header Files</Filter>
    </ClInclude>
    <ClInclude Include="stockfish\benchmark.h">
      <Filter>Stockfish</Filter>
    </ClInclude>
    <ClInclude Include="stockfish\bitboard.h">
      <Filter>Stockfish</Filter>
    </ClInclude>
    <ClInclude Include="stockfish\engine.h">
      <Filter>Stockfish</Filter>
    </ClInclude>
    <ClInclude Include="stockfish\evaluate.h">
      <Filter>Stockfish</Filter>
    </ClInclude>
    <ClInclude Include="stockfish\history.h">
      <Filter>Stockfish</Filter>
    </ClInclude>
    <ClInclude Include="stockfish\incbin\incbin.h">
      <Filter>Stockfish</Filter>
    </ClInclude>
    <ClInclude Include="stockfish\memory.h">
      <Filter>Stockfish</Filter>
    </ClInclude>
    <ClInclude Include="stockfish\misc.h">
      <Filter>Stockfish</Filter>
    </ClInclude>
    <ClInclude Include="stockfish\movegen.h">
      <Filter>Stockfish</Filter>
    </ClInclude>
    <ClInclude Include="stockfish\movepick.h">
      <Filter>Stockfish</Filter>
    </ClInclude>
    <ClInclude Include="stockfish\nnue\features\full_threats.h">
      <Filter>Stockfish</Filter>
    </ClInclude>
    <ClInclude Include="stockfish\nnue\features\half_ka_v2_hm.h">
      <Filter>Stockfish</Filter>
    </ClInclude>
    <ClInclude Include="stockfish\nnue\layers\affine_transform.h">
      <Filter>Stockfish</Filter>
    </ClInclude>
    <ClInclude Include="stockfish\nnue\layers\affine_transform_sparse_input.h">
      <Filter>Stockfish</Filter>
    </ClInclude>
    <ClInclude Include="stockfish\nnue\layers\clipped_relu.h">
      <Filter>Stockfish</Filter>
    </ClInclude>
    <ClInclude Include="stockfish\nnue\layers\sqr_clipped_relu.h">
      <Filter>Stockfish</Filter>
    </ClInclude>
    <ClInclude Include="stockfish\nnue\network.h">
      <Filter>Stockfish</Filter>
    </ClInclude>
    <ClInclude Include="stockfish\nnue\nnue_accumulator.h">
      <Filter>Stockfish</Filter>
    </ClInclude>
    <ClInclude Include="stockfish\nnue\nnue_architecture.h">
      <Filter>Stockfish</Filter>
    </ClInclude>
    <ClInclude Include="stockfish\nnue\nnue_common.h">
      <Filter>Stockfish</Filter>
    </ClInclude>
    <ClInclude Include="stockfish\nnue\nnue_feature_transformer.h">
      <Filter>Stockfish</Filter>
    </ClInclude>
    <ClInclude Include="stockfish\nnue\nnue_misc.h">
      <Filter>Stockfish</Filter>
    </ClInclude>
    <ClInclude Include="stockfish\nnue\simd.h">
      <Filter>Stockfish</Filter>
    </ClInclude>
    <ClInclude Include="stockfish\numa.h">
      <Filter>Stockfish</Filter>
    </ClInclude>
    <ClInclude Include="stockfish\perft.h">
      <Filter>Stockfish</Filter>
    </ClInclude>
    <ClInclude Include="stockfish\position.h">
      <Filter>Stockfish</Filter>
    </ClInclude>
    <ClInclude Include="stockfish\score.h">
      <Filter>Stockfish</Filter>
    </ClInclude>
    <ClInclude Include="stockfish\search.h">
      <Filter>Stockfish</Filter>
    </ClInclude>
    <ClInclude Include="stockfish\shm.h">
      <Filter>Stockfish</Filter>
    </ClInclude>
    <ClInclude Include="stockfish\shm_linux.h">
      <Filter>Stockfish</Filter>
    </ClInclude>
    <ClInclude Include="stockfish\syzygy\tbprobe.h">
      <Filter>Stockfish</Filter>
    </ClInclude>
    <ClInclude Include="stockfish\thread.h">
      <Filter>Stockfish</Filter>
    </ClInclude>
    <ClInclude Include="stockfish\thread_win32_osx.h">
      <Filter>Stockfish</Filter>
    </ClInclude>
    <ClInclude Include="stockfish\timeman.h">
      <Filter>Stockfish</Filter>
    </ClInclude>
    <ClInclude Include="stockfish\tt.h">
      <Filter>Stockfish</Filter>
    </ClInclude>
    <ClInclude Include="stockfish\tune.h">
      <Filter>Stockfish</Filter>
    </ClInclude>
    <ClInclude Include="stockfish\types.h">
      <Filter>Stockfish</Filter>
    </ClInclude>
    <ClInclude Include="stockfish\uci.h">
      <Filter>Stockfish</Filter>
    </ClInclude>
    <ClInclude Include="stockfish\ucioption.h">
      <Filter>Stockfish</Filter>
    </ClInclude>
    <ClInclude Include="OfficialRoom.hpp">
      <Filter>Header Files</Filter>
    </ClInclude>
  </ItemGroup>
  <ItemGroup>
    <ResourceCompile Include="Chess.rc">
      <Filter>Resource Files</Filter>
    </ResourceCompile>
  </ItemGroup>
  <ItemGroup>
    <None Include="chessima.bin">
      <Filter>Resource Files</Filter>
    </None>
    <None Include="..\.gitignore" />
  </ItemGroup>
  <ItemGroup>
    <Text Include="IP.txt" />
    <Text Include="TODO list.txt" />
    <Text Include="Notes.txt" />
    <Text Include="ChessApp_patch.txt" />
  </ItemGroup>
</Project>